
Microsoft Visual Studio Solution File, Format Version 12.00
# Visual Studio Version 17
VisualStudioVersion = 17.7.34221.43
MinimumVisualStudioVersion = 10.0.40219.1
Project("{FAE04EC0-301F-11D3-BF4B-00C04F79EFBC}") = "ToDoList", "ToDoList.csproj", "{819D3272-28C6-46AC-9DD6-52253F3E229B}"
EndProject
Global
	GlobalSection(SolutionConfigurationPlatforms) = preSolution
		Debug|Any CPU = Debug|Any CPU
		Release|Any CPU = Release|Any CPU
	EndGlobalSection
	GlobalSection(ProjectConfigurationPlatforms) = postSolution
		{819D3272-28C6-46AC-9DD6-52253F3E229B}.Debug|Any CPU.ActiveCfg = Debug|Any CPU
		{819D3272-28C6-46AC-9DD6-52253F3E229B}.Debug|Any CPU.Build.0 = Debug|Any CPU
		{819D3272-28C6-46AC-9DD6-52253F3E229B}.Release|Any CPU.ActiveCfg = Release|Any CPU
		{819D3272-28C6-46AC-9DD6-52253F3E229B}.Release|Any CPU.Build.0 = Release|Any CPU
	EndGlobalSection
	GlobalSection(SolutionProperties) = preSolution
		HideSolutionNode = FALSE
	EndGlobalSection
	GlobalSection(ExtensibilityGlobals) = postSolution
		SolutionGuid = {92C37D10-DF6B-4529-98C2-D64624C373B3}
	EndGlobalSection
EndGlobal
